# This file is automatically @generated by Cargo.
# It is not intended for manual editing.
version = 3

[[package]]
name = "bytes"
version = "1.5.0"
source = "registry+https://github.com/rust-lang/crates.io-index"
checksum = "a2bd12c1caf447e69cd4528f47f94d203fd2582878ecb9e9465484c4148a8223"

[[package]]
name = "libmudtelnet"
version = "2.0.1"
dependencies = [
 "bytes",
 "libtelnet-rs",
]

[[package]]
name = "libtelnet-rs"
version = "2.0.0"
source = "git+https://github.com/cpu/libtelnet-rs?rev=f127040a8419c92c034dee2ff331137d21dc1940#f127040a8419c92c034dee2ff331137d21dc1940"
dependencies = [
 "bytes",
]
